
Microsoft Visual Studio Solution File, Format Version 12.00
# Visual Studio Version 17
VisualStudioVersion = 17.14.36717.8 d17.14
MinimumVisualStudioVersion = 10.0.40219.1
Project("{FAE04EC0-301F-11D3-BF4B-00C04F79EFBC}") = "SCProjeAtlas", "SCProjeAtlas\SCProjeAtlas.csproj", "{B3528502-BF47-4138-89A3-DB832FB2706A}"
EndProject
Global
	GlobalSection(SolutionConfigurationPlatforms) = preSolution
		Debug|Any CPU = Debug|Any CPU
		Release|Any CPU = Release|Any CPU
	EndGlobalSection
	GlobalSection(ProjectConfigurationPlatforms) = postSolution
		{B3528502-BF47-4138-89A3-DB832FB2706A}.Debug|Any CPU.ActiveCfg = Debug|Any CPU
		{B3528502-BF47-4138-89A3-DB832FB2706A}.Debug|Any CPU.Build.0 = Debug|Any CPU
		{B3528502-BF47-4138-89A3-DB832FB2706A}.Release|Any CPU.ActiveCfg = Release|Any CPU
		{B3528502-BF47-4138-89A3-DB832FB2706A}.Release|Any CPU.Build.0 = Release|Any CPU
	EndGlobalSection
	GlobalSection(SolutionProperties) = preSolution
		HideSolutionNode = FALSE
	EndGlobalSection
	GlobalSection(ExtensibilityGlobals) = postSolution
		SolutionGuid = {8AED62B0-E7CF-4FBA-A1E0-2A1EF74A8631}
	EndGlobalSection
EndGlobal
